
Microsoft Visual Studio Solution File, Format Version 12.00
# Visual Studio Version 17
VisualStudioVersion = 17.5.33516.290
MinimumVisualStudioVersion = 10.0.40219.1
Project("{FAE04EC0-301F-11D3-BF4B-00C04F79EFBC}") = "Zadatak5", "Zadatak5\Zadatak5.csproj", "{D7F60A66-EF81-4974-B071-28598AD8D803}"
EndProject
Project("{FAE04EC0-301F-11D3-BF4B-00C04F79EFBC}") = "Zadatak5Test", "Zadatak5Test\Zadatak5Test.csproj", "{A7B85A60-41F3-48E2-8A69-345EB2F777EC}"
EndProject
Global
	GlobalSection(SolutionConfigurationPlatforms) = preSolution
		Debug|Any CPU = Debug|Any CPU
		Release|Any CPU = Release|Any CPU
	EndGlobalSection
	GlobalSection(ProjectConfigurationPlatforms) = postSolution
		{D7F60A66-EF81-4974-B071-28598AD8D803}.Debug|Any CPU.ActiveCfg = Debug|Any CPU
		{D7F60A66-EF81-4974-B071-28598AD8D803}.Debug|Any CPU.Build.0 = Debug|Any CPU
		{D7F60A66-EF81-4974-B071-28598AD8D803}.Release|Any CPU.ActiveCfg = Release|Any CPU
		{D7F60A66-EF81-4974-B071-28598AD8D803}.Release|Any CPU.Build.0 = Release|Any CPU
		{A7B85A60-41F3-48E2-8A69-345EB2F777EC}.Debug|Any CPU.ActiveCfg = Debug|Any CPU
		{A7B85A60-41F3-48E2-8A69-345EB2F777EC}.Debug|Any CPU.Build.0 = Debug|Any CPU
		{A7B85A60-41F3-48E2-8A69-345EB2F777EC}.Release|Any CPU.ActiveCfg = Release|Any CPU
		{A7B85A60-41F3-48E2-8A69-345EB2F777EC}.Release|Any CPU.Build.0 = Release|Any CPU
	EndGlobalSection
	GlobalSection(SolutionProperties) = preSolution
		HideSolutionNode = FALSE
	EndGlobalSection
	GlobalSection(ExtensibilityGlobals) = postSolution
		SolutionGuid = {D36D1875-E9E6-41C9-82CF-5E9920546FF5}
	EndGlobalSection
EndGlobal
